
Microsoft Visual Studio Solution File, Format Version 12.00
# Visual Studio Express 2012 for Windows Desktop
Project("{FAE04EC0-301F-11D3-BF4B-00C04F79EFBC}") = "EGUpdate", "EGUpdate\EGUpdate.csproj", "{8B4D0E05-4D41-4506-9BCC-C300D35C05ED}"
EndProject
Global
	GlobalSection(SolutionConfigurationPlatforms) = preSolution
		Debug|Any CPU = Debug|Any CPU
		Release|Any CPU = Release|Any CPU
	EndGlobalSection
	GlobalSection(ProjectConfigurationPlatforms) = postSolution
		{8B4D0E05-4D41-4506-9BCC-C300D35C05ED}.Debug|Any CPU.ActiveCfg = Debug|Any CPU
		{8B4D0E05-4D41-4506-9BCC-C300D35C05ED}.Debug|Any CPU.Build.0 = Debug|Any CPU
		{8B4D0E05-4D41-4506-9BCC-C300D35C05ED}.Release|Any CPU.ActiveCfg = Release|Any CPU
		{8B4D0E05-4D41-4506-9BCC-C300D35C05ED}.Release|Any CPU.Build.0 = Release|Any CPU
	EndGlobalSection
	GlobalSection(SolutionProperties) = preSolution
		HideSolutionNode = FALSE
	EndGlobalSection
EndGlobal
